// !$*UTF8*$!
{
	archiveVersion = 1;
	classes = {
	};
	objectVersion = 46;
	objects = {

/* Begin PBXBuildFile section */
		570858141C5F3260009A7A3D /* AppDelegate.m in Sources */ = {isa = PBXBuildFile; fileRef = 570858131C5F3260009A7A3D /* AppDelegate.m */; };
		570858171C5F3260009A7A3D /* main.m in Sources */ = {isa = PBXBuildFile; fileRef = 570858161C5F3260009A7A3D /* main.m */; };
		5708581A1C5F3260009A7A3D /* ViewController.m in Sources */ = {isa = PBXBuildFile; fileRef = 570858191C5F3260009A7A3D /* ViewController.m */; };
		5708581C1C5F3260009A7A3D /* Assets.xcassets in Resources */ = {isa = PBXBuildFile; fileRef = 5708581B1C5F3260009A7A3D /* Assets.xcassets */; };
		5708581F1C5F3260009A7A3D /* Main.storyboard in Resources */ = {isa = PBXBuildFile; fileRef = 5708581D1C5F3260009A7A3D /* Main.storyboard */; };
		5708582D1C5F36D8009A7A3D /* FileVO.m in Sources */ = {isa = PBXBuildFile; fileRef = 5708582C1C5F36D8009A7A3D /* FileVO.m */; };
		5765749A1C603F1D00E458AF /* LinkMapAnalyzer.m in Sources */ = {isa = PBXBuildFile; fileRef = 576574991C603F1D00E458AF /* LinkMapAnalyzer.m */; };
		5765749D1C60554C00E458AF /* FileViewController.m in Sources */ = {isa = PBXBuildFile; fileRef = 5765749C1C60554C00E458AF /* FileViewController.m */; };
/* End PBXBuildFile section */

/* Begin PBXFileReference section */
		5708580F1C5F3260009A7A3D /* XYLinkMapAnalyzer.app */ = {isa = PBXFileReference; explicitFileType = wrapper.application; includeInIndex = 0; path = XYLinkMapAnalyzer.app; sourceTree = BUILT_PRODUCTS_DIR; };
		570858121C5F3260009A7A3D /* AppDelegate.h */ = {isa = PBXFileReference; lastKnownFileType = sourcecode.c.h; path = AppDelegate.h; sourceTree = "<group>"; };
		570858131C5F3260009A7A3D /* AppDelegate.m */ = {isa = PBXFileReference; lastKnownFileType = sourcecode.c.objc; path = AppDelegate.m; sourceTree = "<group>"; };
		570858161C5F3260009A7A3D /* main.m */ = {isa = PBXFileReference; lastKnownFileType = sourcecode.c.objc; path = main.m; sourceTree = "<group>"; };
		570858181C5F3260009A7A3D /* ViewController.h */ = {isa = PBXFileReference; lastKnownFileType = sourcecode.c.h; path = ViewController.h; sourceTree = "<group>"; };
		570858191C5F3260009A7A3D /* ViewController.m */ = {isa = PBXFileReference; lastKnownFileType = sourcecode.c.objc; path = ViewController.m; sourceTree = "<group>"; };
		5708581B1C5F3260009A7A3D /* Assets.xcassets */ = {isa = PBXFileReference; lastKnownFileType = folder.assetcatalog; path = Assets.xcassets; sourceTree = "<group>"; };
		5708581E1C5F3260009A7A3D /* Base */ = {isa = PBXFileReference; lastKnownFileType = file.storyboard; name = Base; path = Base.lproj/Main.storyboard; sourceTree = "<group>"; };
		570858201C5F3260009A7A3D /* Info.plist */ = {isa = PBXFileReference; lastKnownFileType = text.plist.xml; path = Info.plist; sourceTree = "<group>"; };
		5708582B1C5F36D8009A7A3D /* FileVO.h */ = {isa = PBXFileReference; fileEncoding = 4; lastKnownFileType = sourcecode.c.h; path = FileVO.h; sourceTree = "<group>"; };
		5708582C1C5F36D8009A7A3D /* FileVO.m */ = {isa = PBXFileReference; fileEncoding = 4; lastKnownFileType = sourcecode.c.objc; path = FileVO.m; sourceTree = "<group>"; };
		576574981C603F1D00E458AF /* LinkMapAnalyzer.h */ = {isa = PBXFileReference; fileEncoding = 4; lastKnownFileType = sourcecode.c.h; path = LinkMapAnalyzer.h; sourceTree = "<group>"; };
		576574991C603F1D00E458AF /* LinkMapAnalyzer.m */ = {isa = PBXFileReference; fileEncoding = 4; lastKnownFileType = sourcecode.c.objc; path = LinkMapAnalyzer.m; sourceTree = "<group>"; };
		5765749B1C60554C00E458AF /* FileViewController.h */ = {isa = PBXFileReference; fileEncoding = 4; lastKnownFileType = sourcecode.c.h; path = FileViewController.h; sourceTree = "<group>"; };
		5765749C1C60554C00E458AF /* FileViewController.m */ = {isa = PBXFileReference; fileEncoding = 4; lastKnownFileType = sourcecode.c.objc; path = FileViewController.m; sourceTree = "<group>"; };
/* End PBXFileReference section */

/* Begin PBXFrameworksBuildPhase section */
		5708580C1C5F3260009A7A3D /* Frameworks */ = {
			isa = PBXFrameworksBuildPhase;
			buildActionMask = 2147483647;
			files = (
			);
			runOnlyForDeploymentPostprocessing = 0;
		};
/* End PBXFrameworksBuildPhase section */

/* Begin PBXGroup section */
		570858061C5F3260009A7A3D = {
			isa = PBXGroup;
			children = (
				570858111C5F3260009A7A3D /* XYLinkMapAnalyzer */,
				570858101C5F3260009A7A3D /* Products */,
			);
			sourceTree = "<group>";
		};
		570858101C5F3260009A7A3D /* Products */ = {
			isa = PBXGroup;
			children = (
				5708580F1C5F3260009A7A3D /* XYLinkMapAnalyzer.app */,
			);
			name = Products;
			sourceTree = "<group>";
		};
		570858111C5F3260009A7A3D /* XYLinkMapAnalyzer */ = {
			isa = PBXGroup;
			children = (
				5708582B1C5F36D8009A7A3D /* FileVO.h */,
				5708582C1C5F36D8009A7A3D /* FileVO.m */,
				576574981C603F1D00E458AF /* LinkMapAnalyzer.h */,
				576574991C603F1D00E458AF /* LinkMapAnalyzer.m */,
				570858121C5F3260009A7A3D /* AppDelegate.h */,
				570858131C5F3260009A7A3D /* AppDelegate.m */,
				570858181C5F3260009A7A3D /* ViewController.h */,
				570858191C5F3260009A7A3D /* ViewController.m */,
				5765749B1C60554C00E458AF /* FileViewController.h */,
				5765749C1C60554C00E458AF /* FileViewController.m */,
				5708581B1C5F3260009A7A3D /* Assets.xcassets */,
				5708581D1C5F3260009A7A3D /* Main.storyboard */,
				570858201C5F3260009A7A3D /* Info.plist */,
				570858151C5F3260009A7A3D /* Supporting Files */,
			);
			path = XYLinkMapAnalyzer;
			sourceTree = "<group>";
		};
		570858151C5F3260009A7A3D /* Supporting Files */ = {
			isa = PBXGroup;
			children = (
				570858161C5F3260009A7A3D /* main.m */,
			);
			name = "Supporting Files";
			sourceTree = "<group>";
		};
/* End PBXGroup section */

/* Begin PBXNativeTarget section */
		5708580E1C5F3260009A7A3D /* XYLinkMapAnalyzer */ = {
			isa = PBXNativeTarget;
			buildConfigurationList = 570858231C5F3260009A7A3D /* Build configuration list for PBXNativeTarget "XYLinkMapAnalyzer" */;
			buildPhases = (
				5708580B1C5F3260009A7A3D /* Sources */,
				5708580C1C5F3260009A7A3D /* Frameworks */,
				5708580D1C5F3260009A7A3D /* Resources */,
			);
			buildRules = (
			);
			dependencies = (
			);
			name = XYLinkMapAnalyzer;
			productName = XYLinkMapAnalyzer;
			productReference = 5708580F1C5F3260009A7A3D /* XYLinkMapAnalyzer.app */;
			productType = "com.apple.product-type.application";
		};
/* End PBXNativeTarget section */

/* Begin PBXProject section */
		570858071C5F3260009A7A3D /* Project object */ = {
			isa = PBXProject;
			attributes = {
				LastUpgradeCheck = 0720;
				ORGANIZATIONNAME = Heaven;
				TargetAttributes = {
					5708580E1C5F3260009A7A3D = {
						CreatedOnToolsVersion = 7.2;
					};
				};
			};
			buildConfigurationList = 5708580A1C5F3260009A7A3D /* Build configuration list for PBXProject "XYLinkMapAnalyzer" */;
			compatibilityVersion = "Xcode 3.2";
			developmentRegion = English;
			hasScannedForEncodings = 0;
			knownRegions = (
				en,
				Base,
			);
			mainGroup = 570858061C5F3260009A7A3D;
			productRefGroup = 570858101C5F3260009A7A3D /* Products */;
			projectDirPath = "";
			projectRoot = "";
			targets = (
				5708580E1C5F3260009A7A3D /* XYLinkMapAnalyzer */,
			);
		};
/* End PBXProject section */

/* Begin PBXResourcesBuildPhase section */
		5708580D1C5F3260009A7A3D /* Resources */ = {
			isa = PBXResourcesBuildPhase;
			buildActionMask = 2147483647;
			files = (
				5708581C1C5F3260009A7A3D /* Assets.xcassets in Resources */,
				5708581F1C5F3260009A7A3D /* Main.storyboard in Resources */,
			);
			runOnlyForDeploymentPostprocessing = 0;
		};
/* End PBXResourcesBuildPhase section */

/* Begin PBXSourcesBuildPhase section */
		5708580B1C5F3260009A7A3D /* Sources */ = {
			isa = PBXSourcesBuildPhase;
			buildActionMask = 2147483647;
			files = (
				5765749D1C60554C00E458AF /* FileViewController.m in Sources */,
				5765749A1C603F1D00E458AF /* LinkMapAnalyzer.m in Sources */,
				5708581A1C5F3260009A7A3D /* ViewController.m in Sources */,
				570858171C5F3260009A7A3D /* main.m in Sources */,
				570858141C5F3260009A7A3D /* AppDelegate.m in Sources */,
				5708582D1C5F36D8009A7A3D /* FileVO.m in Sources */,
			);
			runOnlyForDeploymentPostprocessing = 0;
		};
/* End PBXSourcesBuildPhase section */

/* Begin PBXVariantGroup section */
		5708581D1C5F3260009A7A3D /* Main.storyboard */ = {
			isa = PBXVariantGroup;
			children = (
				5708581E1C5F3260009A7A3D /* Base */,
			);
			name = Main.storyboard;
			sourceTree = "<group>";
		};
/* End PBXVariantGroup section */

/* Begin XCBuildConfiguration section */
		570858211C5F3260009A7A3D /* Debug */ = {
			isa = XCBuildConfiguration;
			buildSettings = {
				ALWAYS_SEARCH_USER_PATHS = NO;
				CLANG_CXX_LANGUAGE_STANDARD = "gnu++0x";
				CLANG_CXX_LIBRARY = "libc++";
				CLANG_ENABLE_MODULES = YES;
				CLANG_ENABLE_OBJC_ARC = YES;
				CLANG_WARN_BOOL_CONVERSION = YES;
				CLANG_WARN_CONSTANT_CONVERSION = YES;
				CLANG_WARN_DIRECT_OBJC_ISA_USAGE = YES_ERROR;
				CLANG_WARN_EMPTY_BODY = YES;
				CLANG_WARN_ENUM_CONVERSION = YES;
				CLANG_WARN_INT_CONVERSION = YES;
				CLANG_WARN_OBJC_ROOT_CLASS = YES_ERROR;
				CLANG_WARN_UNREACHABLE_CODE = YES;
				CLANG_WARN__DUPLICATE_METHOD_MATCH = YES;
				CODE_SIGN_IDENTITY = "-";
				COPY_PHASE_STRIP = NO;
				DEBUG_INFORMATION_FORMAT = dwarf;
				ENABLE_STRICT_OBJC_MSGSEND = YES;
				ENABLE_TESTABILITY = YES;
				GCC_C_LANGUAGE_STANDARD = gnu99;
				GCC_DYNAMIC_NO_PIC = NO;
				GCC_NO_COMMON_BLOCKS = YES;
				GCC_OPTIMIZATION_LEVEL = 0;
				GCC_PREPROCESSOR_DEFINITIONS = (
					"DEBUG=1",
					"$(inherited)",
				);
				GCC_WARN_64_TO_32_BIT_CONVERSION = YES;
				GCC_WARN_ABOUT_RETURN_TYPE = YES_ERROR;
				GCC_WARN_UNDECLARED_SELECTOR = YES;
				GCC_WARN_UNINITIALIZED_AUTOS = YES_AGGRESSIVE;
				GCC_WARN_UNUSED_FUNCTION = YES;
				GCC_WARN_UNUSED_VARIABLE = YES;
				MACOSX_DEPLOYMENT_TARGET = 10.11;
				MTL_ENABLE_DEBUG_INFO = YES;
				ONLY_ACTIVE_ARCH = YES;
				SDKROOT = macosx;
			};
			name = Debug;
		};
		570858221C5F3260009A7A3D /* Release */ = {
			isa = XCBuildConfiguration;
			buildSettings = {
				ALWAYS_SEARCH_USER_PATHS = NO;
				CLANG_CXX_LANGUAGE_STANDARD = "gnu++0x";
				CLANG_CXX_LIBRARY = "libc++";
				CLANG_ENABLE_MODULES = YES;
				CLANG_ENABLE_OBJC_ARC = YES;
				CLANG_WARN_BOOL_CONVERSION = YES;
				CLANG_WARN_CONSTANT_CONVERSION = YES;
				CLANG_WARN_DIRECT_OBJC_ISA_USAGE = YES_ERROR;
				CLANG_WARN_EMPTY_BODY = YES;
				CLANG_WARN_ENUM_CONVERSION = YES;
				CLANG_WARN_INT_CONVERSION = YES;
				CLANG_WARN_OBJC_ROOT_CLASS = YES_ERROR;
				CLANG_WARN_UNREACHABLE_CODE = YES;
				CLANG_WARN__DUPLICATE_METHOD_MATCH = YES;
				CODE_SIGN_IDENTITY = "-";
				COPY_PHASE_STRIP = NO;
				DEBUG_INFORMATION_FORMAT = "dwarf-with-dsym";
				ENABLE_NS_ASSERTIONS = NO;
				ENABLE_STRICT_OBJC_MSGSEND = YES;
				GCC_C_LANGUAGE_STANDARD = gnu99;
				GCC_NO_COMMON_BLOCKS = YES;
				GCC_WARN_64_TO_32_BIT_CONVERSION = YES;
				GCC_WARN_ABOUT_RETURN_TYPE = YES_ERROR;
				GCC_WARN_UNDECLARED_SELECTOR = YES;
				GCC_WARN_UNINITIALIZED_AUTOS = YES_AGGRESSIVE;
				GCC_WARN_UNUSED_FUNCTION = YES;
				GCC_WARN_UNUSED_VARIABLE = YES;
				MACOSX_DEPLOYMENT_TARGET = 10.11;
				MTL_ENABLE_DEBUG_INFO = NO;
				SDKROOT = macosx;
			};
			name = Release;
		};
		570858241C5F3260009A7A3D /* Debug */ = {
			isa = XCBuildConfiguration;
			buildSettings = {
				ASSETCATALOG_COMPILER_APPICON_NAME = AppIcon;
				COMBINE_HIDPI_IMAGES = YES;
				INFOPLIST_FILE = XYLinkMapAnalyzer/Info.plist;
				LD_RUNPATH_SEARCH_PATHS = "$(inherited) @executable_path/../Frameworks";
				PRODUCT_BUNDLE_IDENTIFIER = com.uxy.XYLinkMapAnalyzer;
				PRODUCT_NAME = "$(TARGET_NAME)";
			};
			name = Debug;
		};
		570858251C5F3260009A7A3D /* Release */ = {
			isa = XCBuildConfiguration;
			buildSettings = {
				ASSETCATALOG_COMPILER_APPICON_NAME = AppIcon;
				COMBINE_HIDPI_IMAGES = YES;
				INFOPLIST_FILE = XYLinkMapAnalyzer/Info.plist;
				LD_RUNPATH_SEARCH_PATHS = "$(inherited) @executable_path/../Frameworks";
				PRODUCT_BUNDLE_IDENTIFIER = com.uxy.XYLinkMapAnalyzer;
				PRODUCT_NAME = "$(TARGET_NAME)";
			};
			name = Release;
		};
/* End XCBuildConfiguration section */

/* Begin XCConfigurationList section */
		5708580A1C5F3260009A7A3D /* Build configuration list for PBXProject "XYLinkMapAnalyzer" */ = {
			isa = XCConfigurationList;
			buildConfigurations = (
				570858211C5F3260009A7A3D /* Debug */,
				570858221C5F3260009A7A3D /* Release */,
			);
			defaultConfigurationIsVisible = 0;
			defaultConfigurationName = Release;
		};
		570858231C5F3260009A7A3D /* Build configuration list for PBXNativeTarget "XYLinkMapAnalyzer" */ = {
			isa = XCConfigurationList;
			buildConfigurations = (
				570858241C5F3260009A7A3D /* Debug */,
				570858251C5F3260009A7A3D /* Release */,
			);
			defaultConfigurationIsVisible = 0;
			defaultConfigurationName = Release;
		};
/* End XCConfigurationList section */
	};
	rootObject = 570858071C5F3260009A7A3D /* Project object */;
}
