// !$*UTF8*$!
{
	archiveVersion = 1;
	classes = {
	};
	objectVersion = 46;
	objects = {

/* Begin PBXBuildFile section */
		5772B8DC1C293CB00072D2ED /* main.m in Sources */ = {isa = PBXBuildFile; fileRef = 5772B8DB1C293CB00072D2ED /* main.m */; };
		5772B8DF1C293CB00072D2ED /* AppDelegate.m in Sources */ = {isa = PBXBuildFile; fileRef = 5772B8DE1C293CB00072D2ED /* AppDelegate.m */; };
		5772B8E21C293CB00072D2ED /* FirstViewController.m in Sources */ = {isa = PBXBuildFile; fileRef = 5772B8E11C293CB00072D2ED /* FirstViewController.m */; };
		5772B8E51C293CB00072D2ED /* SecondViewController.m in Sources */ = {isa = PBXBuildFile; fileRef = 5772B8E41C293CB00072D2ED /* SecondViewController.m */; };
		5772B8E81C293CB00072D2ED /* Main.storyboard in Resources */ = {isa = PBXBuildFile; fileRef = 5772B8E61C293CB00072D2ED /* Main.storyboard */; };
		5772B8EA1C293CB00072D2ED /* Assets.xcassets in Resources */ = {isa = PBXBuildFile; fileRef = 5772B8E91C293CB00072D2ED /* Assets.xcassets */; };
		5772B8ED1C293CB00072D2ED /* LaunchScreen.storyboard in Resources */ = {isa = PBXBuildFile; fileRef = 5772B8EB1C293CB00072D2ED /* LaunchScreen.storyboard */; };
		5772BFF01C293D800072D2ED /* wax.framework in Frameworks */ = {isa = PBXBuildFile; fileRef = 5772BFEF1C293D800072D2ED /* wax.framework */; };
		5772BFF41C293EA20072D2ED /* SecondViewController.lua in Resources */ = {isa = PBXBuildFile; fileRef = 5772BFF21C293EA20072D2ED /* SecondViewController.lua */; };
		5772BFF51C293EA20072D2ED /* init.lua in Resources */ = {isa = PBXBuildFile; fileRef = 5772BFF31C293EA20072D2ED /* init.lua */; };
/* End PBXBuildFile section */

/* Begin PBXFileReference section */
		5772B8D71C293CB00072D2ED /* testWax.app */ = {isa = PBXFileReference; explicitFileType = wrapper.application; includeInIndex = 0; path = testWax.app; sourceTree = BUILT_PRODUCTS_DIR; };
		5772B8DB1C293CB00072D2ED /* main.m */ = {isa = PBXFileReference; lastKnownFileType = sourcecode.c.objc; path = main.m; sourceTree = "<group>"; };
		5772B8DD1C293CB00072D2ED /* AppDelegate.h */ = {isa = PBXFileReference; lastKnownFileType = sourcecode.c.h; path = AppDelegate.h; sourceTree = "<group>"; };
		5772B8DE1C293CB00072D2ED /* AppDelegate.m */ = {isa = PBXFileReference; lastKnownFileType = sourcecode.c.objc; path = AppDelegate.m; sourceTree = "<group>"; };
		5772B8E01C293CB00072D2ED /* FirstViewController.h */ = {isa = PBXFileReference; lastKnownFileType = sourcecode.c.h; path = FirstViewController.h; sourceTree = "<group>"; };
		5772B8E11C293CB00072D2ED /* FirstViewController.m */ = {isa = PBXFileReference; lastKnownFileType = sourcecode.c.objc; path = FirstViewController.m; sourceTree = "<group>"; };
		5772B8E31C293CB00072D2ED /* SecondViewController.h */ = {isa = PBXFileReference; lastKnownFileType = sourcecode.c.h; path = SecondViewController.h; sourceTree = "<group>"; };
		5772B8E41C293CB00072D2ED /* SecondViewController.m */ = {isa = PBXFileReference; lastKnownFileType = sourcecode.c.objc; path = SecondViewController.m; sourceTree = "<group>"; };
		5772B8E71C293CB00072D2ED /* Base */ = {isa = PBXFileReference; lastKnownFileType = file.storyboard; name = Base; path = Base.lproj/Main.storyboard; sourceTree = "<group>"; };
		5772B8E91C293CB00072D2ED /* Assets.xcassets */ = {isa = PBXFileReference; lastKnownFileType = folder.assetcatalog; path = Assets.xcassets; sourceTree = "<group>"; };
		5772B8EC1C293CB00072D2ED /* Base */ = {isa = PBXFileReference; lastKnownFileType = file.storyboard; name = Base; path = Base.lproj/LaunchScreen.storyboard; sourceTree = "<group>"; };
		5772B8EE1C293CB00072D2ED /* Info.plist */ = {isa = PBXFileReference; lastKnownFileType = text.plist.xml; path = Info.plist; sourceTree = "<group>"; };
		5772BFEF1C293D800072D2ED /* wax.framework */ = {isa = PBXFileReference; lastKnownFileType = wrapper.framework; path = wax.framework; sourceTree = "<group>"; };
		5772BFF21C293EA20072D2ED /* SecondViewController.lua */ = {isa = PBXFileReference; fileEncoding = 4; lastKnownFileType = text; path = SecondViewController.lua; sourceTree = "<group>"; };
		5772BFF31C293EA20072D2ED /* init.lua */ = {isa = PBXFileReference; fileEncoding = 4; lastKnownFileType = text; path = init.lua; sourceTree = "<group>"; };
/* End PBXFileReference section */

/* Begin PBXFrameworksBuildPhase section */
		5772B8D41C293CB00072D2ED /* Frameworks */ = {
			isa = PBXFrameworksBuildPhase;
			buildActionMask = 2147483647;
			files = (
				5772BFF01C293D800072D2ED /* wax.framework in Frameworks */,
			);
			runOnlyForDeploymentPostprocessing = 0;
		};
/* End PBXFrameworksBuildPhase section */

/* Begin PBXGroup section */
		5772B8CE1C293CB00072D2ED = {
			isa = PBXGroup;
			children = (
				5772B8D91C293CB00072D2ED /* testWax */,
				5772B8D81C293CB00072D2ED /* Products */,
			);
			sourceTree = "<group>";
		};
		5772B8D81C293CB00072D2ED /* Products */ = {
			isa = PBXGroup;
			children = (
				5772B8D71C293CB00072D2ED /* testWax.app */,
			);
			name = Products;
			sourceTree = "<group>";
		};
		5772B8D91C293CB00072D2ED /* testWax */ = {
			isa = PBXGroup;
			children = (
				5772BFF11C293E4D0072D2ED /* scripts */,
				5772BFEF1C293D800072D2ED /* wax.framework */,
				5772B8DD1C293CB00072D2ED /* AppDelegate.h */,
				5772B8DE1C293CB00072D2ED /* AppDelegate.m */,
				5772B8E01C293CB00072D2ED /* FirstViewController.h */,
				5772B8E11C293CB00072D2ED /* FirstViewController.m */,
				5772B8E31C293CB00072D2ED /* SecondViewController.h */,
				5772B8E41C293CB00072D2ED /* SecondViewController.m */,
				5772B8E61C293CB00072D2ED /* Main.storyboard */,
				5772B8E91C293CB00072D2ED /* Assets.xcassets */,
				5772B8EB1C293CB00072D2ED /* LaunchScreen.storyboard */,
				5772B8EE1C293CB00072D2ED /* Info.plist */,
				5772B8DA1C293CB00072D2ED /* Supporting Files */,
			);
			path = testWax;
			sourceTree = "<group>";
		};
		5772B8DA1C293CB00072D2ED /* Supporting Files */ = {
			isa = PBXGroup;
			children = (
				5772B8DB1C293CB00072D2ED /* main.m */,
			);
			name = "Supporting Files";
			sourceTree = "<group>";
		};
		5772BFF11C293E4D0072D2ED /* scripts */ = {
			isa = PBXGroup;
			children = (
				5772BFF21C293EA20072D2ED /* SecondViewController.lua */,
				5772BFF31C293EA20072D2ED /* init.lua */,
			);
			path = scripts;
			sourceTree = "<group>";
		};
/* End PBXGroup section */

/* Begin PBXNativeTarget section */
		5772B8D61C293CB00072D2ED /* testWax */ = {
			isa = PBXNativeTarget;
			buildConfigurationList = 5772B8F11C293CB00072D2ED /* Build configuration list for PBXNativeTarget "testWax" */;
			buildPhases = (
				5772B8D31C293CB00072D2ED /* Sources */,
				5772B8D41C293CB00072D2ED /* Frameworks */,
				5772B8D51C293CB00072D2ED /* Resources */,
			);
			buildRules = (
			);
			dependencies = (
			);
			name = testWax;
			productName = testWax;
			productReference = 5772B8D71C293CB00072D2ED /* testWax.app */;
			productType = "com.apple.product-type.application";
		};
/* End PBXNativeTarget section */

/* Begin PBXProject section */
		5772B8CF1C293CB00072D2ED /* Project object */ = {
			isa = PBXProject;
			attributes = {
				LastUpgradeCheck = 0720;
				ORGANIZATIONNAME = Heaven;
				TargetAttributes = {
					5772B8D61C293CB00072D2ED = {
						CreatedOnToolsVersion = 7.2;
					};
				};
			};
			buildConfigurationList = 5772B8D21C293CB00072D2ED /* Build configuration list for PBXProject "testWax" */;
			compatibilityVersion = "Xcode 3.2";
			developmentRegion = English;
			hasScannedForEncodings = 0;
			knownRegions = (
				en,
				Base,
			);
			mainGroup = 5772B8CE1C293CB00072D2ED;
			productRefGroup = 5772B8D81C293CB00072D2ED /* Products */;
			projectDirPath = "";
			projectRoot = "";
			targets = (
				5772B8D61C293CB00072D2ED /* testWax */,
			);
		};
/* End PBXProject section */

/* Begin PBXResourcesBuildPhase section */
		5772B8D51C293CB00072D2ED /* Resources */ = {
			isa = PBXResourcesBuildPhase;
			buildActionMask = 2147483647;
			files = (
				5772BFF51C293EA20072D2ED /* init.lua in Resources */,
				5772B8ED1C293CB00072D2ED /* LaunchScreen.storyboard in Resources */,
				5772B8EA1C293CB00072D2ED /* Assets.xcassets in Resources */,
				5772BFF41C293EA20072D2ED /* SecondViewController.lua in Resources */,
				5772B8E81C293CB00072D2ED /* Main.storyboard in Resources */,
			);
			runOnlyForDeploymentPostprocessing = 0;
		};
/* End PBXResourcesBuildPhase section */

/* Begin PBXSourcesBuildPhase section */
		5772B8D31C293CB00072D2ED /* Sources */ = {
			isa = PBXSourcesBuildPhase;
			buildActionMask = 2147483647;
			files = (
				5772B8E51C293CB00072D2ED /* SecondViewController.m in Sources */,
				5772B8DF1C293CB00072D2ED /* AppDelegate.m in Sources */,
				5772B8E21C293CB00072D2ED /* FirstViewController.m in Sources */,
				5772B8DC1C293CB00072D2ED /* main.m in Sources */,
			);
			runOnlyForDeploymentPostprocessing = 0;
		};
/* End PBXSourcesBuildPhase section */

/* Begin PBXVariantGroup section */
		5772B8E61C293CB00072D2ED /* Main.storyboard */ = {
			isa = PBXVariantGroup;
			children = (
				5772B8E71C293CB00072D2ED /* Base */,
			);
			name = Main.storyboard;
			sourceTree = "<group>";
		};
		5772B8EB1C293CB00072D2ED /* LaunchScreen.storyboard */ = {
			isa = PBXVariantGroup;
			children = (
				5772B8EC1C293CB00072D2ED /* Base */,
			);
			name = LaunchScreen.storyboard;
			sourceTree = "<group>";
		};
/* End PBXVariantGroup section */

/* Begin XCBuildConfiguration section */
		5772B8EF1C293CB00072D2ED /* Debug */ = {
			isa = XCBuildConfiguration;
			buildSettings = {
				ALWAYS_SEARCH_USER_PATHS = NO;
				CLANG_CXX_LANGUAGE_STANDARD = "gnu++0x";
				CLANG_CXX_LIBRARY = "libc++";
				CLANG_ENABLE_MODULES = YES;
				CLANG_ENABLE_OBJC_ARC = YES;
				CLANG_WARN_BOOL_CONVERSION = YES;
				CLANG_WARN_CONSTANT_CONVERSION = YES;
				CLANG_WARN_DIRECT_OBJC_ISA_USAGE = YES_ERROR;
				CLANG_WARN_EMPTY_BODY = YES;
				CLANG_WARN_ENUM_CONVERSION = YES;
				CLANG_WARN_INT_CONVERSION = YES;
				CLANG_WARN_OBJC_ROOT_CLASS = YES_ERROR;
				CLANG_WARN_UNREACHABLE_CODE = YES;
				CLANG_WARN__DUPLICATE_METHOD_MATCH = YES;
				"CODE_SIGN_IDENTITY[sdk=iphoneos*]" = "iPhone Developer";
				COPY_PHASE_STRIP = NO;
				DEBUG_INFORMATION_FORMAT = dwarf;
				ENABLE_STRICT_OBJC_MSGSEND = YES;
				ENABLE_TESTABILITY = YES;
				GCC_C_LANGUAGE_STANDARD = gnu99;
				GCC_DYNAMIC_NO_PIC = NO;
				GCC_NO_COMMON_BLOCKS = YES;
				GCC_OPTIMIZATION_LEVEL = 0;
				GCC_PREPROCESSOR_DEFINITIONS = (
					"DEBUG=1",
					"$(inherited)",
				);
				GCC_WARN_64_TO_32_BIT_CONVERSION = YES;
				GCC_WARN_ABOUT_RETURN_TYPE = YES_ERROR;
				GCC_WARN_UNDECLARED_SELECTOR = YES;
				GCC_WARN_UNINITIALIZED_AUTOS = YES_AGGRESSIVE;
				GCC_WARN_UNUSED_FUNCTION = YES;
				GCC_WARN_UNUSED_VARIABLE = YES;
				IPHONEOS_DEPLOYMENT_TARGET = 9.2;
				MTL_ENABLE_DEBUG_INFO = YES;
				ONLY_ACTIVE_ARCH = YES;
				SDKROOT = iphoneos;
				TARGETED_DEVICE_FAMILY = "1,2";
			};
			name = Debug;
		};
		5772B8F01C293CB00072D2ED /* Release */ = {
			isa = XCBuildConfiguration;
			buildSettings = {
				ALWAYS_SEARCH_USER_PATHS = NO;
				CLANG_CXX_LANGUAGE_STANDARD = "gnu++0x";
				CLANG_CXX_LIBRARY = "libc++";
				CLANG_ENABLE_MODULES = YES;
				CLANG_ENABLE_OBJC_ARC = YES;
				CLANG_WARN_BOOL_CONVERSION = YES;
				CLANG_WARN_CONSTANT_CONVERSION = YES;
				CLANG_WARN_DIRECT_OBJC_ISA_USAGE = YES_ERROR;
				CLANG_WARN_EMPTY_BODY = YES;
				CLANG_WARN_ENUM_CONVERSION = YES;
				CLANG_WARN_INT_CONVERSION = YES;
				CLANG_WARN_OBJC_ROOT_CLASS = YES_ERROR;
				CLANG_WARN_UNREACHABLE_CODE = YES;
				CLANG_WARN__DUPLICATE_METHOD_MATCH = YES;
				"CODE_SIGN_IDENTITY[sdk=iphoneos*]" = "iPhone Developer";
				COPY_PHASE_STRIP = NO;
				DEBUG_INFORMATION_FORMAT = "dwarf-with-dsym";
				ENABLE_NS_ASSERTIONS = NO;
				ENABLE_STRICT_OBJC_MSGSEND = YES;
				GCC_C_LANGUAGE_STANDARD = gnu99;
				GCC_NO_COMMON_BLOCKS = YES;
				GCC_WARN_64_TO_32_BIT_CONVERSION = YES;
				GCC_WARN_ABOUT_RETURN_TYPE = YES_ERROR;
				GCC_WARN_UNDECLARED_SELECTOR = YES;
				GCC_WARN_UNINITIALIZED_AUTOS = YES_AGGRESSIVE;
				GCC_WARN_UNUSED_FUNCTION = YES;
				GCC_WARN_UNUSED_VARIABLE = YES;
				IPHONEOS_DEPLOYMENT_TARGET = 9.2;
				MTL_ENABLE_DEBUG_INFO = NO;
				SDKROOT = iphoneos;
				TARGETED_DEVICE_FAMILY = "1,2";
				VALIDATE_PRODUCT = YES;
			};
			name = Release;
		};
		5772B8F21C293CB00072D2ED /* Debug */ = {
			isa = XCBuildConfiguration;
			buildSettings = {
				ASSETCATALOG_COMPILER_APPICON_NAME = AppIcon;
				FRAMEWORK_SEARCH_PATHS = (
					"$(inherited)",
					"$(PROJECT_DIR)/testWax",
				);
				INFOPLIST_FILE = testWax/Info.plist;
				LD_RUNPATH_SEARCH_PATHS = "$(inherited) @executable_path/Frameworks";
				LIBRARY_SEARCH_PATHS = (
					"$(inherited)",
					"$(PROJECT_DIR)/testWax/Framework.build/Release-iphoneos/Wax.build/Objects-normal/arm64",
					"$(PROJECT_DIR)/testWax/Framework.build/Release-iphoneos/Wax.build/Objects-normal/armv7",
					"$(PROJECT_DIR)/testWax/Framework.build/Release-iphonesimulator/Wax.build/Objects-normal/i386",
					"$(PROJECT_DIR)/testWax/Framework.build/Release-iphonesimulator/Wax.build/Objects-normal/x86_64",
				);
				PRODUCT_BUNDLE_IDENTIFIER = com.uxy.aaa;
				PRODUCT_NAME = "$(TARGET_NAME)";
			};
			name = Debug;
		};
		5772B8F31C293CB00072D2ED /* Release */ = {
			isa = XCBuildConfiguration;
			buildSettings = {
				ASSETCATALOG_COMPILER_APPICON_NAME = AppIcon;
				FRAMEWORK_SEARCH_PATHS = (
					"$(inherited)",
					"$(PROJECT_DIR)/testWax",
				);
				INFOPLIST_FILE = testWax/Info.plist;
				LD_RUNPATH_SEARCH_PATHS = "$(inherited) @executable_path/Frameworks";
				LIBRARY_SEARCH_PATHS = (
					"$(inherited)",
					"$(PROJECT_DIR)/testWax/Framework.build/Release-iphoneos/Wax.build/Objects-normal/arm64",
					"$(PROJECT_DIR)/testWax/Framework.build/Release-iphoneos/Wax.build/Objects-normal/armv7",
					"$(PROJECT_DIR)/testWax/Framework.build/Release-iphonesimulator/Wax.build/Objects-normal/i386",
					"$(PROJECT_DIR)/testWax/Framework.build/Release-iphonesimulator/Wax.build/Objects-normal/x86_64",
				);
				PRODUCT_BUNDLE_IDENTIFIER = com.uxy.aaa;
				PRODUCT_NAME = "$(TARGET_NAME)";
			};
			name = Release;
		};
/* End XCBuildConfiguration section */

/* Begin XCConfigurationList section */
		5772B8D21C293CB00072D2ED /* Build configuration list for PBXProject "testWax" */ = {
			isa = XCConfigurationList;
			buildConfigurations = (
				5772B8EF1C293CB00072D2ED /* Debug */,
				5772B8F01C293CB00072D2ED /* Release */,
			);
			defaultConfigurationIsVisible = 0;
			defaultConfigurationName = Release;
		};
		5772B8F11C293CB00072D2ED /* Build configuration list for PBXNativeTarget "testWax" */ = {
			isa = XCConfigurationList;
			buildConfigurations = (
				5772B8F21C293CB00072D2ED /* Debug */,
				5772B8F31C293CB00072D2ED /* Release */,
			);
			defaultConfigurationIsVisible = 0;
		};
/* End XCConfigurationList section */
	};
	rootObject = 5772B8CF1C293CB00072D2ED /* Project object */;
}
