// !$*UTF8*$!
{
	archiveVersion = 1;
	classes = {
	};
	objectVersion = 46;
	objects = {

/* Begin PBXBuildFile section */
		570077871C35055E00C3025D /* main.m in Sources */ = {isa = PBXBuildFile; fileRef = 570077861C35055E00C3025D /* main.m */; };
		5700778A1C35055E00C3025D /* AppDelegate.m in Sources */ = {isa = PBXBuildFile; fileRef = 570077891C35055E00C3025D /* AppDelegate.m */; };
		5700778D1C35055E00C3025D /* FirstViewController.m in Sources */ = {isa = PBXBuildFile; fileRef = 5700778C1C35055E00C3025D /* FirstViewController.m */; };
		570077901C35055E00C3025D /* SecondViewController.m in Sources */ = {isa = PBXBuildFile; fileRef = 5700778F1C35055E00C3025D /* SecondViewController.m */; };
		570077931C35055E00C3025D /* Main.storyboard in Resources */ = {isa = PBXBuildFile; fileRef = 570077911C35055E00C3025D /* Main.storyboard */; };
		570077951C35055E00C3025D /* Assets.xcassets in Resources */ = {isa = PBXBuildFile; fileRef = 570077941C35055E00C3025D /* Assets.xcassets */; };
		570077981C35055E00C3025D /* LaunchScreen.storyboard in Resources */ = {isa = PBXBuildFile; fileRef = 570077961C35055E00C3025D /* LaunchScreen.storyboard */; };
		57FBFB931C61AA4800CBA209 /* ioapi.c in Sources */ = {isa = PBXBuildFile; fileRef = 57FBFB891C61AA4800CBA209 /* ioapi.c */; };
		57FBFB941C61AA4800CBA209 /* mztools.c in Sources */ = {isa = PBXBuildFile; fileRef = 57FBFB8B1C61AA4800CBA209 /* mztools.c */; };
		57FBFB951C61AA4800CBA209 /* unzip.c in Sources */ = {isa = PBXBuildFile; fileRef = 57FBFB8D1C61AA4800CBA209 /* unzip.c */; };
		57FBFB961C61AA4800CBA209 /* zip.c in Sources */ = {isa = PBXBuildFile; fileRef = 57FBFB8F1C61AA4800CBA209 /* zip.c */; };
		57FBFB971C61AA4800CBA209 /* SSZipArchive.m in Sources */ = {isa = PBXBuildFile; fileRef = 57FBFB921C61AA4800CBA209 /* SSZipArchive.m */; };
		57FBFB991C61AAA900CBA209 /* libz.tbd in Frameworks */ = {isa = PBXBuildFile; fileRef = 57FBFB981C61AAA900CBA209 /* libz.tbd */; };
		57FBFBA81C61ABA300CBA209 /* AFHTTPSessionManager.m in Sources */ = {isa = PBXBuildFile; fileRef = 57FBFB9C1C61ABA300CBA209 /* AFHTTPSessionManager.m */; };
		57FBFBA91C61ABA300CBA209 /* AFNetworkReachabilityManager.m in Sources */ = {isa = PBXBuildFile; fileRef = 57FBFB9F1C61ABA300CBA209 /* AFNetworkReachabilityManager.m */; };
		57FBFBAA1C61ABA300CBA209 /* AFSecurityPolicy.m in Sources */ = {isa = PBXBuildFile; fileRef = 57FBFBA11C61ABA300CBA209 /* AFSecurityPolicy.m */; };
		57FBFBAB1C61ABA300CBA209 /* AFURLRequestSerialization.m in Sources */ = {isa = PBXBuildFile; fileRef = 57FBFBA31C61ABA300CBA209 /* AFURLRequestSerialization.m */; };
		57FBFBAC1C61ABA300CBA209 /* AFURLResponseSerialization.m in Sources */ = {isa = PBXBuildFile; fileRef = 57FBFBA51C61ABA300CBA209 /* AFURLResponseSerialization.m */; };
		57FBFBAD1C61ABA300CBA209 /* AFURLSessionManager.m in Sources */ = {isa = PBXBuildFile; fileRef = 57FBFBA71C61ABA300CBA209 /* AFURLSessionManager.m */; };
/* End PBXBuildFile section */

/* Begin PBXFileReference section */
		570077821C35055E00C3025D /* MainBody.app */ = {isa = PBXFileReference; explicitFileType = wrapper.application; includeInIndex = 0; path = MainBody.app; sourceTree = BUILT_PRODUCTS_DIR; };
		570077861C35055E00C3025D /* main.m */ = {isa = PBXFileReference; lastKnownFileType = sourcecode.c.objc; path = main.m; sourceTree = "<group>"; };
		570077881C35055E00C3025D /* AppDelegate.h */ = {isa = PBXFileReference; lastKnownFileType = sourcecode.c.h; path = AppDelegate.h; sourceTree = "<group>"; };
		570077891C35055E00C3025D /* AppDelegate.m */ = {isa = PBXFileReference; lastKnownFileType = sourcecode.c.objc; path = AppDelegate.m; sourceTree = "<group>"; };
		5700778B1C35055E00C3025D /* FirstViewController.h */ = {isa = PBXFileReference; lastKnownFileType = sourcecode.c.h; path = FirstViewController.h; sourceTree = "<group>"; };
		5700778C1C35055E00C3025D /* FirstViewController.m */ = {isa = PBXFileReference; lastKnownFileType = sourcecode.c.objc; path = FirstViewController.m; sourceTree = "<group>"; };
		5700778E1C35055E00C3025D /* SecondViewController.h */ = {isa = PBXFileReference; lastKnownFileType = sourcecode.c.h; path = SecondViewController.h; sourceTree = "<group>"; };
		5700778F1C35055E00C3025D /* SecondViewController.m */ = {isa = PBXFileReference; lastKnownFileType = sourcecode.c.objc; path = SecondViewController.m; sourceTree = "<group>"; };
		570077921C35055E00C3025D /* Base */ = {isa = PBXFileReference; lastKnownFileType = file.storyboard; name = Base; path = Base.lproj/Main.storyboard; sourceTree = "<group>"; };
		570077941C35055E00C3025D /* Assets.xcassets */ = {isa = PBXFileReference; lastKnownFileType = folder.assetcatalog; path = Assets.xcassets; sourceTree = "<group>"; };
		570077971C35055E00C3025D /* Base */ = {isa = PBXFileReference; lastKnownFileType = file.storyboard; name = Base; path = Base.lproj/LaunchScreen.storyboard; sourceTree = "<group>"; };
		570077991C35055E00C3025D /* Info.plist */ = {isa = PBXFileReference; lastKnownFileType = text.plist.xml; path = Info.plist; sourceTree = "<group>"; };
		57FBFB881C61AA4800CBA209 /* crypt.h */ = {isa = PBXFileReference; fileEncoding = 4; lastKnownFileType = sourcecode.c.h; path = crypt.h; sourceTree = "<group>"; };
		57FBFB891C61AA4800CBA209 /* ioapi.c */ = {isa = PBXFileReference; fileEncoding = 4; lastKnownFileType = sourcecode.c.c; path = ioapi.c; sourceTree = "<group>"; };
		57FBFB8A1C61AA4800CBA209 /* ioapi.h */ = {isa = PBXFileReference; fileEncoding = 4; lastKnownFileType = sourcecode.c.h; path = ioapi.h; sourceTree = "<group>"; };
		57FBFB8B1C61AA4800CBA209 /* mztools.c */ = {isa = PBXFileReference; fileEncoding = 4; lastKnownFileType = sourcecode.c.c; path = mztools.c; sourceTree = "<group>"; };
		57FBFB8C1C61AA4800CBA209 /* mztools.h */ = {isa = PBXFileReference; fileEncoding = 4; lastKnownFileType = sourcecode.c.h; path = mztools.h; sourceTree = "<group>"; };
		57FBFB8D1C61AA4800CBA209 /* unzip.c */ = {isa = PBXFileReference; fileEncoding = 4; lastKnownFileType = sourcecode.c.c; path = unzip.c; sourceTree = "<group>"; };
		57FBFB8E1C61AA4800CBA209 /* unzip.h */ = {isa = PBXFileReference; fileEncoding = 4; lastKnownFileType = sourcecode.c.h; path = unzip.h; sourceTree = "<group>"; };
		57FBFB8F1C61AA4800CBA209 /* zip.c */ = {isa = PBXFileReference; fileEncoding = 4; lastKnownFileType = sourcecode.c.c; path = zip.c; sourceTree = "<group>"; };
		57FBFB901C61AA4800CBA209 /* zip.h */ = {isa = PBXFileReference; fileEncoding = 4; lastKnownFileType = sourcecode.c.h; path = zip.h; sourceTree = "<group>"; };
		57FBFB911C61AA4800CBA209 /* SSZipArchive.h */ = {isa = PBXFileReference; fileEncoding = 4; lastKnownFileType = sourcecode.c.h; path = SSZipArchive.h; sourceTree = "<group>"; };
		57FBFB921C61AA4800CBA209 /* SSZipArchive.m */ = {isa = PBXFileReference; fileEncoding = 4; lastKnownFileType = sourcecode.c.objc; path = SSZipArchive.m; sourceTree = "<group>"; };
		57FBFB981C61AAA900CBA209 /* libz.tbd */ = {isa = PBXFileReference; lastKnownFileType = "sourcecode.text-based-dylib-definition"; name = libz.tbd; path = usr/lib/libz.tbd; sourceTree = SDKROOT; };
		57FBFB9B1C61ABA300CBA209 /* AFHTTPSessionManager.h */ = {isa = PBXFileReference; fileEncoding = 4; lastKnownFileType = sourcecode.c.h; path = AFHTTPSessionManager.h; sourceTree = "<group>"; };
		57FBFB9C1C61ABA300CBA209 /* AFHTTPSessionManager.m */ = {isa = PBXFileReference; fileEncoding = 4; lastKnownFileType = sourcecode.c.objc; path = AFHTTPSessionManager.m; sourceTree = "<group>"; };
		57FBFB9D1C61ABA300CBA209 /* AFNetworking.h */ = {isa = PBXFileReference; fileEncoding = 4; lastKnownFileType = sourcecode.c.h; path = AFNetworking.h; sourceTree = "<group>"; };
		57FBFB9E1C61ABA300CBA209 /* AFNetworkReachabilityManager.h */ = {isa = PBXFileReference; fileEncoding = 4; lastKnownFileType = sourcecode.c.h; path = AFNetworkReachabilityManager.h; sourceTree = "<group>"; };
		57FBFB9F1C61ABA300CBA209 /* AFNetworkReachabilityManager.m */ = {isa = PBXFileReference; fileEncoding = 4; lastKnownFileType = sourcecode.c.objc; path = AFNetworkReachabilityManager.m; sourceTree = "<group>"; };
		57FBFBA01C61ABA300CBA209 /* AFSecurityPolicy.h */ = {isa = PBXFileReference; fileEncoding = 4; lastKnownFileType = sourcecode.c.h; path = AFSecurityPolicy.h; sourceTree = "<group>"; };
		57FBFBA11C61ABA300CBA209 /* AFSecurityPolicy.m */ = {isa = PBXFileReference; fileEncoding = 4; lastKnownFileType = sourcecode.c.objc; path = AFSecurityPolicy.m; sourceTree = "<group>"; };
		57FBFBA21C61ABA300CBA209 /* AFURLRequestSerialization.h */ = {isa = PBXFileReference; fileEncoding = 4; lastKnownFileType = sourcecode.c.h; path = AFURLRequestSerialization.h; sourceTree = "<group>"; };
		57FBFBA31C61ABA300CBA209 /* AFURLRequestSerialization.m */ = {isa = PBXFileReference; fileEncoding = 4; lastKnownFileType = sourcecode.c.objc; path = AFURLRequestSerialization.m; sourceTree = "<group>"; };
		57FBFBA41C61ABA300CBA209 /* AFURLResponseSerialization.h */ = {isa = PBXFileReference; fileEncoding = 4; lastKnownFileType = sourcecode.c.h; path = AFURLResponseSerialization.h; sourceTree = "<group>"; };
		57FBFBA51C61ABA300CBA209 /* AFURLResponseSerialization.m */ = {isa = PBXFileReference; fileEncoding = 4; lastKnownFileType = sourcecode.c.objc; path = AFURLResponseSerialization.m; sourceTree = "<group>"; };
		57FBFBA61C61ABA300CBA209 /* AFURLSessionManager.h */ = {isa = PBXFileReference; fileEncoding = 4; lastKnownFileType = sourcecode.c.h; path = AFURLSessionManager.h; sourceTree = "<group>"; };
		57FBFBA71C61ABA300CBA209 /* AFURLSessionManager.m */ = {isa = PBXFileReference; fileEncoding = 4; lastKnownFileType = sourcecode.c.objc; path = AFURLSessionManager.m; sourceTree = "<group>"; };
/* End PBXFileReference section */

/* Begin PBXFrameworksBuildPhase section */
		5700777F1C35055E00C3025D /* Frameworks */ = {
			isa = PBXFrameworksBuildPhase;
			buildActionMask = 2147483647;
			files = (
				57FBFB991C61AAA900CBA209 /* libz.tbd in Frameworks */,
			);
			runOnlyForDeploymentPostprocessing = 0;
		};
/* End PBXFrameworksBuildPhase section */

/* Begin PBXGroup section */
		570077791C35055E00C3025D = {
			isa = PBXGroup;
			children = (
				57FBFB981C61AAA900CBA209 /* libz.tbd */,
				570077841C35055E00C3025D /* MainBody */,
				570077831C35055E00C3025D /* Products */,
			);
			sourceTree = "<group>";
		};
		570077831C35055E00C3025D /* Products */ = {
			isa = PBXGroup;
			children = (
				570077821C35055E00C3025D /* MainBody.app */,
			);
			name = Products;
			sourceTree = "<group>";
		};
		570077841C35055E00C3025D /* MainBody */ = {
			isa = PBXGroup;
			children = (
				57FBFB9A1C61ABA300CBA209 /* AFNetworking */,
				57FBFB861C61AA4800CBA209 /* SSZipArchive */,
				570077881C35055E00C3025D /* AppDelegate.h */,
				570077891C35055E00C3025D /* AppDelegate.m */,
				5700778B1C35055E00C3025D /* FirstViewController.h */,
				5700778C1C35055E00C3025D /* FirstViewController.m */,
				5700778E1C35055E00C3025D /* SecondViewController.h */,
				5700778F1C35055E00C3025D /* SecondViewController.m */,
				570077911C35055E00C3025D /* Main.storyboard */,
				570077941C35055E00C3025D /* Assets.xcassets */,
				570077961C35055E00C3025D /* LaunchScreen.storyboard */,
				570077991C35055E00C3025D /* Info.plist */,
				570077851C35055E00C3025D /* Supporting Files */,
			);
			path = MainBody;
			sourceTree = "<group>";
		};
		570077851C35055E00C3025D /* Supporting Files */ = {
			isa = PBXGroup;
			children = (
				570077861C35055E00C3025D /* main.m */,
			);
			name = "Supporting Files";
			sourceTree = "<group>";
		};
		57FBFB861C61AA4800CBA209 /* SSZipArchive */ = {
			isa = PBXGroup;
			children = (
				57FBFB871C61AA4800CBA209 /* minizip */,
				57FBFB911C61AA4800CBA209 /* SSZipArchive.h */,
				57FBFB921C61AA4800CBA209 /* SSZipArchive.m */,
			);
			path = SSZipArchive;
			sourceTree = "<group>";
		};
		57FBFB871C61AA4800CBA209 /* minizip */ = {
			isa = PBXGroup;
			children = (
				57FBFB881C61AA4800CBA209 /* crypt.h */,
				57FBFB891C61AA4800CBA209 /* ioapi.c */,
				57FBFB8A1C61AA4800CBA209 /* ioapi.h */,
				57FBFB8B1C61AA4800CBA209 /* mztools.c */,
				57FBFB8C1C61AA4800CBA209 /* mztools.h */,
				57FBFB8D1C61AA4800CBA209 /* unzip.c */,
				57FBFB8E1C61AA4800CBA209 /* unzip.h */,
				57FBFB8F1C61AA4800CBA209 /* zip.c */,
				57FBFB901C61AA4800CBA209 /* zip.h */,
			);
			path = minizip;
			sourceTree = "<group>";
		};
		57FBFB9A1C61ABA300CBA209 /* AFNetworking */ = {
			isa = PBXGroup;
			children = (
				57FBFB9B1C61ABA300CBA209 /* AFHTTPSessionManager.h */,
				57FBFB9C1C61ABA300CBA209 /* AFHTTPSessionManager.m */,
				57FBFB9D1C61ABA300CBA209 /* AFNetworking.h */,
				57FBFB9E1C61ABA300CBA209 /* AFNetworkReachabilityManager.h */,
				57FBFB9F1C61ABA300CBA209 /* AFNetworkReachabilityManager.m */,
				57FBFBA01C61ABA300CBA209 /* AFSecurityPolicy.h */,
				57FBFBA11C61ABA300CBA209 /* AFSecurityPolicy.m */,
				57FBFBA21C61ABA300CBA209 /* AFURLRequestSerialization.h */,
				57FBFBA31C61ABA300CBA209 /* AFURLRequestSerialization.m */,
				57FBFBA41C61ABA300CBA209 /* AFURLResponseSerialization.h */,
				57FBFBA51C61ABA300CBA209 /* AFURLResponseSerialization.m */,
				57FBFBA61C61ABA300CBA209 /* AFURLSessionManager.h */,
				57FBFBA71C61ABA300CBA209 /* AFURLSessionManager.m */,
			);
			path = AFNetworking;
			sourceTree = "<group>";
		};
/* End PBXGroup section */

/* Begin PBXNativeTarget section */
		570077811C35055E00C3025D /* MainBody */ = {
			isa = PBXNativeTarget;
			buildConfigurationList = 5700779C1C35055E00C3025D /* Build configuration list for PBXNativeTarget "MainBody" */;
			buildPhases = (
				5700777E1C35055E00C3025D /* Sources */,
				5700777F1C35055E00C3025D /* Frameworks */,
				570077801C35055E00C3025D /* Resources */,
			);
			buildRules = (
			);
			dependencies = (
			);
			name = MainBody;
			productName = MainBody;
			productReference = 570077821C35055E00C3025D /* MainBody.app */;
			productType = "com.apple.product-type.application";
		};
/* End PBXNativeTarget section */

/* Begin PBXProject section */
		5700777A1C35055E00C3025D /* Project object */ = {
			isa = PBXProject;
			attributes = {
				LastUpgradeCheck = 0720;
				ORGANIZATIONNAME = Heaven;
				TargetAttributes = {
					570077811C35055E00C3025D = {
						CreatedOnToolsVersion = 7.2;
						DevelopmentTeam = KK5A4ESWW9;
					};
				};
			};
			buildConfigurationList = 5700777D1C35055E00C3025D /* Build configuration list for PBXProject "MainBody" */;
			compatibilityVersion = "Xcode 3.2";
			developmentRegion = English;
			hasScannedForEncodings = 0;
			knownRegions = (
				en,
				Base,
			);
			mainGroup = 570077791C35055E00C3025D;
			productRefGroup = 570077831C35055E00C3025D /* Products */;
			projectDirPath = "";
			projectRoot = "";
			targets = (
				570077811C35055E00C3025D /* MainBody */,
			);
		};
/* End PBXProject section */

/* Begin PBXResourcesBuildPhase section */
		570077801C35055E00C3025D /* Resources */ = {
			isa = PBXResourcesBuildPhase;
			buildActionMask = 2147483647;
			files = (
				570077981C35055E00C3025D /* LaunchScreen.storyboard in Resources */,
				570077951C35055E00C3025D /* Assets.xcassets in Resources */,
				570077931C35055E00C3025D /* Main.storyboard in Resources */,
			);
			runOnlyForDeploymentPostprocessing = 0;
		};
/* End PBXResourcesBuildPhase section */

/* Begin PBXSourcesBuildPhase section */
		5700777E1C35055E00C3025D /* Sources */ = {
			isa = PBXSourcesBuildPhase;
			buildActionMask = 2147483647;
			files = (
				57FBFBAD1C61ABA300CBA209 /* AFURLSessionManager.m in Sources */,
				570077901C35055E00C3025D /* SecondViewController.m in Sources */,
				57FBFB961C61AA4800CBA209 /* zip.c in Sources */,
				57FBFB971C61AA4800CBA209 /* SSZipArchive.m in Sources */,
				57FBFB951C61AA4800CBA209 /* unzip.c in Sources */,
				57FBFBAA1C61ABA300CBA209 /* AFSecurityPolicy.m in Sources */,
				5700778A1C35055E00C3025D /* AppDelegate.m in Sources */,
				57FBFBAB1C61ABA300CBA209 /* AFURLRequestSerialization.m in Sources */,
				57FBFB941C61AA4800CBA209 /* mztools.c in Sources */,
				5700778D1C35055E00C3025D /* FirstViewController.m in Sources */,
				57FBFBA81C61ABA300CBA209 /* AFHTTPSessionManager.m in Sources */,
				570077871C35055E00C3025D /* main.m in Sources */,
				57FBFBA91C61ABA300CBA209 /* AFNetworkReachabilityManager.m in Sources */,
				57FBFBAC1C61ABA300CBA209 /* AFURLResponseSerialization.m in Sources */,
				57FBFB931C61AA4800CBA209 /* ioapi.c in Sources */,
			);
			runOnlyForDeploymentPostprocessing = 0;
		};
/* End PBXSourcesBuildPhase section */

/* Begin PBXVariantGroup section */
		570077911C35055E00C3025D /* Main.storyboard */ = {
			isa = PBXVariantGroup;
			children = (
				570077921C35055E00C3025D /* Base */,
			);
			name = Main.storyboard;
			sourceTree = "<group>";
		};
		570077961C35055E00C3025D /* LaunchScreen.storyboard */ = {
			isa = PBXVariantGroup;
			children = (
				570077971C35055E00C3025D /* Base */,
			);
			name = LaunchScreen.storyboard;
			sourceTree = "<group>";
		};
/* End PBXVariantGroup section */

/* Begin XCBuildConfiguration section */
		5700779A1C35055E00C3025D /* Debug */ = {
			isa = XCBuildConfiguration;
			buildSettings = {
				ALWAYS_SEARCH_USER_PATHS = NO;
				CLANG_CXX_LANGUAGE_STANDARD = "gnu++0x";
				CLANG_CXX_LIBRARY = "libc++";
				CLANG_ENABLE_MODULES = YES;
				CLANG_ENABLE_OBJC_ARC = YES;
				CLANG_WARN_BOOL_CONVERSION = YES;
				CLANG_WARN_CONSTANT_CONVERSION = YES;
				CLANG_WARN_DIRECT_OBJC_ISA_USAGE = YES_ERROR;
				CLANG_WARN_EMPTY_BODY = YES;
				CLANG_WARN_ENUM_CONVERSION = YES;
				CLANG_WARN_INT_CONVERSION = YES;
				CLANG_WARN_OBJC_ROOT_CLASS = YES_ERROR;
				CLANG_WARN_UNREACHABLE_CODE = YES;
				CLANG_WARN__DUPLICATE_METHOD_MATCH = YES;
				"CODE_SIGN_IDENTITY[sdk=iphoneos*]" = "iPhone Developer";
				COPY_PHASE_STRIP = NO;
				DEBUG_INFORMATION_FORMAT = dwarf;
				ENABLE_STRICT_OBJC_MSGSEND = YES;
				ENABLE_TESTABILITY = YES;
				GCC_C_LANGUAGE_STANDARD = gnu99;
				GCC_DYNAMIC_NO_PIC = NO;
				GCC_NO_COMMON_BLOCKS = YES;
				GCC_OPTIMIZATION_LEVEL = 0;
				GCC_PREPROCESSOR_DEFINITIONS = (
					"DEBUG=1",
					"$(inherited)",
				);
				GCC_WARN_64_TO_32_BIT_CONVERSION = YES;
				GCC_WARN_ABOUT_RETURN_TYPE = YES_ERROR;
				GCC_WARN_UNDECLARED_SELECTOR = YES;
				GCC_WARN_UNINITIALIZED_AUTOS = YES_AGGRESSIVE;
				GCC_WARN_UNUSED_FUNCTION = YES;
				GCC_WARN_UNUSED_VARIABLE = YES;
				IPHONEOS_DEPLOYMENT_TARGET = 9.2;
				MTL_ENABLE_DEBUG_INFO = YES;
				ONLY_ACTIVE_ARCH = YES;
				SDKROOT = iphoneos;
				TARGETED_DEVICE_FAMILY = "1,2";
			};
			name = Debug;
		};
		5700779B1C35055E00C3025D /* Release */ = {
			isa = XCBuildConfiguration;
			buildSettings = {
				ALWAYS_SEARCH_USER_PATHS = NO;
				CLANG_CXX_LANGUAGE_STANDARD = "gnu++0x";
				CLANG_CXX_LIBRARY = "libc++";
				CLANG_ENABLE_MODULES = YES;
				CLANG_ENABLE_OBJC_ARC = YES;
				CLANG_WARN_BOOL_CONVERSION = YES;
				CLANG_WARN_CONSTANT_CONVERSION = YES;
				CLANG_WARN_DIRECT_OBJC_ISA_USAGE = YES_ERROR;
				CLANG_WARN_EMPTY_BODY = YES;
				CLANG_WARN_ENUM_CONVERSION = YES;
				CLANG_WARN_INT_CONVERSION = YES;
				CLANG_WARN_OBJC_ROOT_CLASS = YES_ERROR;
				CLANG_WARN_UNREACHABLE_CODE = YES;
				CLANG_WARN__DUPLICATE_METHOD_MATCH = YES;
				"CODE_SIGN_IDENTITY[sdk=iphoneos*]" = "iPhone Developer";
				COPY_PHASE_STRIP = NO;
				DEBUG_INFORMATION_FORMAT = "dwarf-with-dsym";
				ENABLE_NS_ASSERTIONS = NO;
				ENABLE_STRICT_OBJC_MSGSEND = YES;
				GCC_C_LANGUAGE_STANDARD = gnu99;
				GCC_NO_COMMON_BLOCKS = YES;
				GCC_WARN_64_TO_32_BIT_CONVERSION = YES;
				GCC_WARN_ABOUT_RETURN_TYPE = YES_ERROR;
				GCC_WARN_UNDECLARED_SELECTOR = YES;
				GCC_WARN_UNINITIALIZED_AUTOS = YES_AGGRESSIVE;
				GCC_WARN_UNUSED_FUNCTION = YES;
				GCC_WARN_UNUSED_VARIABLE = YES;
				IPHONEOS_DEPLOYMENT_TARGET = 9.2;
				MTL_ENABLE_DEBUG_INFO = NO;
				SDKROOT = iphoneos;
				TARGETED_DEVICE_FAMILY = "1,2";
				VALIDATE_PRODUCT = YES;
			};
			name = Release;
		};
		5700779D1C35055E00C3025D /* Debug */ = {
			isa = XCBuildConfiguration;
			buildSettings = {
				ASSETCATALOG_COMPILER_APPICON_NAME = AppIcon;
				CODE_SIGN_IDENTITY = "";
				"CODE_SIGN_IDENTITY[sdk=iphoneos*]" = "";
				INFOPLIST_FILE = MainBody/Info.plist;
				LD_RUNPATH_SEARCH_PATHS = "$(inherited) @executable_path/Frameworks";
				PRODUCT_BUNDLE_IDENTIFIER = com.uxy.mainbodydev;
				PRODUCT_NAME = "$(TARGET_NAME)";
				PROVISIONING_PROFILE = "352e74a6-9812-468c-b9ee-edc0b43af8c6";
			};
			name = Debug;
		};
		5700779E1C35055E00C3025D /* Release */ = {
			isa = XCBuildConfiguration;
			buildSettings = {
				ASSETCATALOG_COMPILER_APPICON_NAME = AppIcon;
				CODE_SIGN_IDENTITY = "";
				"CODE_SIGN_IDENTITY[sdk=iphoneos*]" = "";
				INFOPLIST_FILE = MainBody/Info.plist;
				LD_RUNPATH_SEARCH_PATHS = "$(inherited) @executable_path/Frameworks";
				PRODUCT_BUNDLE_IDENTIFIER = com.uxy.mainbodydev;
				PRODUCT_NAME = "$(TARGET_NAME)";
				PROVISIONING_PROFILE = "352e74a6-9812-468c-b9ee-edc0b43af8c6";
			};
			name = Release;
		};
/* End XCBuildConfiguration section */

/* Begin XCConfigurationList section */
		5700777D1C35055E00C3025D /* Build configuration list for PBXProject "MainBody" */ = {
			isa = XCConfigurationList;
			buildConfigurations = (
				5700779A1C35055E00C3025D /* Debug */,
				5700779B1C35055E00C3025D /* Release */,
			);
			defaultConfigurationIsVisible = 0;
			defaultConfigurationName = Release;
		};
		5700779C1C35055E00C3025D /* Build configuration list for PBXNativeTarget "MainBody" */ = {
			isa = XCConfigurationList;
			buildConfigurations = (
				5700779D1C35055E00C3025D /* Debug */,
				5700779E1C35055E00C3025D /* Release */,
			);
			defaultConfigurationIsVisible = 0;
			defaultConfigurationName = Release;
		};
/* End XCConfigurationList section */
	};
	rootObject = 5700777A1C35055E00C3025D /* Project object */;
}
