// !$*UTF8*$!
{
	archiveVersion = 1;
	classes = {
	};
	objectVersion = 46;
	objects = {

/* Begin PBXBuildFile section */
		57C694FE1C60A89B00DA2515 /* StaticTest.h in CopyFiles */ = {isa = PBXBuildFile; fileRef = 57C694FD1C60A89B00DA2515 /* StaticTest.h */; };
		57C695001C60A89B00DA2515 /* StaticTest.m in Sources */ = {isa = PBXBuildFile; fileRef = 57C694FF1C60A89B00DA2515 /* StaticTest.m */; };
		57FBFB691C6198CE00CBA209 /* LibA.m in Sources */ = {isa = PBXBuildFile; fileRef = 57FBFB681C6198CE00CBA209 /* LibA.m */; };
		57FBFB6A1C619E2E00CBA209 /* LibA.h in CopyFiles */ = {isa = PBXBuildFile; fileRef = 57FBFB671C6198CE00CBA209 /* LibA.h */; };
/* End PBXBuildFile section */

/* Begin PBXCopyFilesBuildPhase section */
		57C694F81C60A89B00DA2515 /* CopyFiles */ = {
			isa = PBXCopyFilesBuildPhase;
			buildActionMask = 12;
			dstPath = "include/$(PRODUCT_NAME)";
			dstSubfolderSpec = 16;
			files = (
				57FBFB6A1C619E2E00CBA209 /* LibA.h in CopyFiles */,
				57C694FE1C60A89B00DA2515 /* StaticTest.h in CopyFiles */,
			);
			runOnlyForDeploymentPostprocessing = 0;
		};
/* End PBXCopyFilesBuildPhase section */

/* Begin PBXFileReference section */
		57C694FA1C60A89B00DA2515 /* libStaticTest.a */ = {isa = PBXFileReference; explicitFileType = archive.ar; includeInIndex = 0; path = libStaticTest.a; sourceTree = BUILT_PRODUCTS_DIR; };
		57C694FD1C60A89B00DA2515 /* StaticTest.h */ = {isa = PBXFileReference; lastKnownFileType = sourcecode.c.h; path = StaticTest.h; sourceTree = "<group>"; };
		57C694FF1C60A89B00DA2515 /* StaticTest.m */ = {isa = PBXFileReference; lastKnownFileType = sourcecode.c.objc; path = StaticTest.m; sourceTree = "<group>"; };
		57FBFB671C6198CE00CBA209 /* LibA.h */ = {isa = PBXFileReference; fileEncoding = 4; lastKnownFileType = sourcecode.c.h; path = LibA.h; sourceTree = "<group>"; };
		57FBFB681C6198CE00CBA209 /* LibA.m */ = {isa = PBXFileReference; fileEncoding = 4; lastKnownFileType = sourcecode.c.objc; path = LibA.m; sourceTree = "<group>"; };
/* End PBXFileReference section */

/* Begin PBXFrameworksBuildPhase section */
		57C694F71C60A89B00DA2515 /* Frameworks */ = {
			isa = PBXFrameworksBuildPhase;
			buildActionMask = 2147483647;
			files = (
			);
			runOnlyForDeploymentPostprocessing = 0;
		};
/* End PBXFrameworksBuildPhase section */

/* Begin PBXGroup section */
		57C694F11C60A89B00DA2515 = {
			isa = PBXGroup;
			children = (
				57C694FC1C60A89B00DA2515 /* StaticTest */,
				57C694FB1C60A89B00DA2515 /* Products */,
			);
			sourceTree = "<group>";
		};
		57C694FB1C60A89B00DA2515 /* Products */ = {
			isa = PBXGroup;
			children = (
				57C694FA1C60A89B00DA2515 /* libStaticTest.a */,
			);
			name = Products;
			sourceTree = "<group>";
		};
		57C694FC1C60A89B00DA2515 /* StaticTest */ = {
			isa = PBXGroup;
			children = (
				57C694FD1C60A89B00DA2515 /* StaticTest.h */,
				57C694FF1C60A89B00DA2515 /* StaticTest.m */,
				57FBFB671C6198CE00CBA209 /* LibA.h */,
				57FBFB681C6198CE00CBA209 /* LibA.m */,
			);
			path = StaticTest;
			sourceTree = "<group>";
		};
/* End PBXGroup section */

/* Begin PBXNativeTarget section */
		57C694F91C60A89B00DA2515 /* StaticTest */ = {
			isa = PBXNativeTarget;
			buildConfigurationList = 57C695031C60A89B00DA2515 /* Build configuration list for PBXNativeTarget "StaticTest" */;
			buildPhases = (
				57C694F61C60A89B00DA2515 /* Sources */,
				57C694F71C60A89B00DA2515 /* Frameworks */,
				57C694F81C60A89B00DA2515 /* CopyFiles */,
			);
			buildRules = (
			);
			dependencies = (
			);
			name = StaticTest;
			productName = StaticTest;
			productReference = 57C694FA1C60A89B00DA2515 /* libStaticTest.a */;
			productType = "com.apple.product-type.library.static";
		};
/* End PBXNativeTarget section */

/* Begin PBXProject section */
		57C694F21C60A89B00DA2515 /* Project object */ = {
			isa = PBXProject;
			attributes = {
				LastUpgradeCheck = 0720;
				ORGANIZATIONNAME = Heaven;
				TargetAttributes = {
					57C694F91C60A89B00DA2515 = {
						CreatedOnToolsVersion = 7.2;
					};
				};
			};
			buildConfigurationList = 57C694F51C60A89B00DA2515 /* Build configuration list for PBXProject "StaticTest" */;
			compatibilityVersion = "Xcode 3.2";
			developmentRegion = English;
			hasScannedForEncodings = 0;
			knownRegions = (
				en,
			);
			mainGroup = 57C694F11C60A89B00DA2515;
			productRefGroup = 57C694FB1C60A89B00DA2515 /* Products */;
			projectDirPath = "";
			projectRoot = "";
			targets = (
				57C694F91C60A89B00DA2515 /* StaticTest */,
			);
		};
/* End PBXProject section */

/* Begin PBXSourcesBuildPhase section */
		57C694F61C60A89B00DA2515 /* Sources */ = {
			isa = PBXSourcesBuildPhase;
			buildActionMask = 2147483647;
			files = (
				57C695001C60A89B00DA2515 /* StaticTest.m in Sources */,
				57FBFB691C6198CE00CBA209 /* LibA.m in Sources */,
			);
			runOnlyForDeploymentPostprocessing = 0;
		};
/* End PBXSourcesBuildPhase section */

/* Begin XCBuildConfiguration section */
		57C695011C60A89B00DA2515 /* Debug */ = {
			isa = XCBuildConfiguration;
			buildSettings = {
				ALWAYS_SEARCH_USER_PATHS = NO;
				CLANG_CXX_LANGUAGE_STANDARD = "gnu++0x";
				CLANG_CXX_LIBRARY = "libc++";
				CLANG_ENABLE_MODULES = YES;
				CLANG_ENABLE_OBJC_ARC = YES;
				CLANG_WARN_BOOL_CONVERSION = YES;
				CLANG_WARN_CONSTANT_CONVERSION = YES;
				CLANG_WARN_DIRECT_OBJC_ISA_USAGE = YES_ERROR;
				CLANG_WARN_EMPTY_BODY = YES;
				CLANG_WARN_ENUM_CONVERSION = YES;
				CLANG_WARN_INT_CONVERSION = YES;
				CLANG_WARN_OBJC_ROOT_CLASS = YES_ERROR;
				CLANG_WARN_UNREACHABLE_CODE = YES;
				CLANG_WARN__DUPLICATE_METHOD_MATCH = YES;
				"CODE_SIGN_IDENTITY[sdk=iphoneos*]" = "iPhone Developer";
				COPY_PHASE_STRIP = NO;
				DEBUG_INFORMATION_FORMAT = dwarf;
				ENABLE_STRICT_OBJC_MSGSEND = YES;
				ENABLE_TESTABILITY = YES;
				GCC_C_LANGUAGE_STANDARD = gnu99;
				GCC_DYNAMIC_NO_PIC = NO;
				GCC_NO_COMMON_BLOCKS = YES;
				GCC_OPTIMIZATION_LEVEL = 0;
				GCC_PREPROCESSOR_DEFINITIONS = (
					"DEBUG=1",
					"$(inherited)",
				);
				GCC_WARN_64_TO_32_BIT_CONVERSION = YES;
				GCC_WARN_ABOUT_RETURN_TYPE = YES_ERROR;
				GCC_WARN_UNDECLARED_SELECTOR = YES;
				GCC_WARN_UNINITIALIZED_AUTOS = YES_AGGRESSIVE;
				GCC_WARN_UNUSED_FUNCTION = YES;
				GCC_WARN_UNUSED_VARIABLE = YES;
				IPHONEOS_DEPLOYMENT_TARGET = 9.2;
				MTL_ENABLE_DEBUG_INFO = YES;
				ONLY_ACTIVE_ARCH = YES;
				SDKROOT = iphoneos;
			};
			name = Debug;
		};
		57C695021C60A89B00DA2515 /* Release */ = {
			isa = XCBuildConfiguration;
			buildSettings = {
				ALWAYS_SEARCH_USER_PATHS = NO;
				CLANG_CXX_LANGUAGE_STANDARD = "gnu++0x";
				CLANG_CXX_LIBRARY = "libc++";
				CLANG_ENABLE_MODULES = YES;
				CLANG_ENABLE_OBJC_ARC = YES;
				CLANG_WARN_BOOL_CONVERSION = YES;
				CLANG_WARN_CONSTANT_CONVERSION = YES;
				CLANG_WARN_DIRECT_OBJC_ISA_USAGE = YES_ERROR;
				CLANG_WARN_EMPTY_BODY = YES;
				CLANG_WARN_ENUM_CONVERSION = YES;
				CLANG_WARN_INT_CONVERSION = YES;
				CLANG_WARN_OBJC_ROOT_CLASS = YES_ERROR;
				CLANG_WARN_UNREACHABLE_CODE = YES;
				CLANG_WARN__DUPLICATE_METHOD_MATCH = YES;
				"CODE_SIGN_IDENTITY[sdk=iphoneos*]" = "iPhone Developer";
				COPY_PHASE_STRIP = NO;
				DEBUG_INFORMATION_FORMAT = "dwarf-with-dsym";
				ENABLE_NS_ASSERTIONS = NO;
				ENABLE_STRICT_OBJC_MSGSEND = YES;
				GCC_C_LANGUAGE_STANDARD = gnu99;
				GCC_NO_COMMON_BLOCKS = YES;
				GCC_WARN_64_TO_32_BIT_CONVERSION = YES;
				GCC_WARN_ABOUT_RETURN_TYPE = YES_ERROR;
				GCC_WARN_UNDECLARED_SELECTOR = YES;
				GCC_WARN_UNINITIALIZED_AUTOS = YES_AGGRESSIVE;
				GCC_WARN_UNUSED_FUNCTION = YES;
				GCC_WARN_UNUSED_VARIABLE = YES;
				IPHONEOS_DEPLOYMENT_TARGET = 9.2;
				MTL_ENABLE_DEBUG_INFO = NO;
				SDKROOT = iphoneos;
				VALIDATE_PRODUCT = YES;
			};
			name = Release;
		};
		57C695041C60A89B00DA2515 /* Debug */ = {
			isa = XCBuildConfiguration;
			buildSettings = {
				OTHER_LDFLAGS = "-ObjC";
				PRODUCT_NAME = "$(TARGET_NAME)";
				SKIP_INSTALL = YES;
			};
			name = Debug;
		};
		57C695051C60A89B00DA2515 /* Release */ = {
			isa = XCBuildConfiguration;
			buildSettings = {
				OTHER_LDFLAGS = "-ObjC";
				PRODUCT_NAME = "$(TARGET_NAME)";
				SKIP_INSTALL = YES;
			};
			name = Release;
		};
/* End XCBuildConfiguration section */

/* Begin XCConfigurationList section */
		57C694F51C60A89B00DA2515 /* Build configuration list for PBXProject "StaticTest" */ = {
			isa = XCConfigurationList;
			buildConfigurations = (
				57C695011C60A89B00DA2515 /* Debug */,
				57C695021C60A89B00DA2515 /* Release */,
			);
			defaultConfigurationIsVisible = 0;
			defaultConfigurationName = Release;
		};
		57C695031C60A89B00DA2515 /* Build configuration list for PBXNativeTarget "StaticTest" */ = {
			isa = XCConfigurationList;
			buildConfigurations = (
				57C695041C60A89B00DA2515 /* Debug */,
				57C695051C60A89B00DA2515 /* Release */,
			);
			defaultConfigurationIsVisible = 0;
			defaultConfigurationName = Release;
		};
/* End XCConfigurationList section */
	};
	rootObject = 57C694F21C60A89B00DA2515 /* Project object */;
}
